<?xml version="1.0" encoding="utf-8"?>
<Project ToolsVersion="4.0" xmlns="http://schemas.microsoft.com/developer/msbuild/2003">
  <ItemGroup>
    <Filter Include="Quelldateien">
      <UniqueIdentifier>{4FC737F1-C7A5-4376-A066-2A32D752A2FF}</UniqueIdentifier>
      <Extensions>cpp;c;cc;cxx;c++;cppm;ixx;def;odl;idl;hpj;bat;asm;asmx</Extensions>
    </Filter>
    <Filter Include="Headerdateien">
      <UniqueIdentifier>{93995380-89BD-4b04-88EB-625FBE52EBFB}</UniqueIdentifier>
      <Extensions>h;hh;hpp;hxx;h++;hm;inl;inc;ipp;xsd</Extensions>
    </Filter>
    <Filter Include="Ressourcendateien">
      <UniqueIdentifier>{67DA6AB6-F800-4c08-8B7A-83BB121AAD01}</UniqueIdentifier>
      <Extensions>rc;ico;cur;bmp;dlg;rc2;rct;bin;rgs;gif;jpg;jpeg;jpe;resx;tiff;tif;png;wav;mfcribbon-ms</Extensions>
    </Filter>
  </ItemGroup>
  <ItemGroup>
    <ClCompile Include="BitmapClass.cpp">
      <Filter>Quelldateien</Filter>
    </ClCompile>
    <ClCompile Include="CameraClass.cpp">
      <Filter>Quelldateien</Filter>
    </ClCompile>
    <ClCompile Include="CPUClass.cpp">
      <Filter>Quelldateien</Filter>
    </ClCompile>
    <ClCompile Include="D3DClass.cpp">
      <Filter>Quelldateien</Filter>
    </ClCompile>
    <ClCompile Include="EntityListClass.cpp">
      <Filter>Quelldateien</Filter>
    </ClCompile>
    <ClCompile Include="FontClass.cpp">
      <Filter>Quelldateien</Filter>
    </ClCompile>
    <ClCompile Include="FontShaderClass.cpp">
      <Filter>Quelldateien</Filter>
    </ClCompile>
    <ClCompile Include="FPSClass.cpp">
      <Filter>Quelldateien</Filter>
    </ClCompile>
    <ClCompile Include="InputClass.cpp">
      <Filter>Quelldateien</Filter>
    </ClCompile>
    <ClCompile Include="LightClass.cpp">
      <Filter>Quelldateien</Filter>
    </ClCompile>
    <ClCompile Include="main.cpp">
      <Filter>Quelldateien</Filter>
    </ClCompile>
    <ClCompile Include="ModelClass.cpp">
      <Filter>Quelldateien</Filter>
    </ClCompile>
    <ClCompile Include="PositionClass.cpp">
      <Filter>Quelldateien</Filter>
    </ClCompile>
    <ClCompile Include="QuadTreeClass.cpp">
      <Filter>Quelldateien</Filter>
    </ClCompile>
    <ClCompile Include="SkydomeClass.cpp">
      <Filter>Quelldateien</Filter>
    </ClCompile>
    <ClCompile Include="SkydomeShaderClass.cpp">
      <Filter>Quelldateien</Filter>
    </ClCompile>
    <ClCompile Include="StateClass.cpp">
      <Filter>Quelldateien</Filter>
    </ClCompile>
    <ClCompile Include="SystemClass.cpp">
      <Filter>Quelldateien</Filter>
    </ClCompile>
    <ClCompile Include="TerrainClass.cpp">
      <Filter>Quelldateien</Filter>
    </ClCompile>
    <ClCompile Include="TerrainShaderClass.cpp">
      <Filter>Quelldateien</Filter>
    </ClCompile>
    <ClCompile Include="TextClass.cpp">
      <Filter>Quelldateien</Filter>
    </ClCompile>
    <ClCompile Include="TextureClass.cpp">
      <Filter>Quelldateien</Filter>
    </ClCompile>
    <ClCompile Include="TextureShaderClass.cpp">
      <Filter>Quelldateien</Filter>
    </ClCompile>
    <ClCompile Include="TimerClass.cpp">
      <Filter>Quelldateien</Filter>
    </ClCompile>
    <ClCompile Include="UserInterfaceClass.cpp">
      <Filter>Quelldateien</Filter>
    </ClCompile>
    <ClCompile Include="ApplicationClass.cpp">
      <Filter>Quelldateien</Filter>
    </ClCompile>
    <ClCompile Include="BlackForestClass.cpp">
      <Filter>Quelldateien</Filter>
    </ClCompile>
    <ClCompile Include="FrustumClass.cpp">
      <Filter>Quelldateien</Filter>
    </ClCompile>
    <ClCompile Include="NetworkClass.cpp">
      <Filter>Quelldateien</Filter>
    </ClCompile>
  </ItemGroup>
  <ItemGroup>
    <ClInclude Include="BitmapClass.h">
      <Filter>Headerdateien</Filter>
    </ClInclude>
    <ClInclude Include="CameraClass.h">
      <Filter>Headerdateien</Filter>
    </ClInclude>
    <ClInclude Include="CPUClass.h">
      <Filter>Headerdateien</Filter>
    </ClInclude>
    <ClInclude Include="D3DClass.h">
      <Filter>Headerdateien</Filter>
    </ClInclude>
    <ClInclude Include="EntityListClass.h">
      <Filter>Headerdateien</Filter>
    </ClInclude>
    <ClInclude Include="FontClass.h">
      <Filter>Headerdateien</Filter>
    </ClInclude>
    <ClInclude Include="FontShaderClass.h">
      <Filter>Headerdateien</Filter>
    </ClInclude>
    <ClInclude Include="FPSClass.h">
      <Filter>Headerdateien</Filter>
    </ClInclude>
    <ClInclude Include="InputClass.h">
      <Filter>Headerdateien</Filter>
    </ClInclude>
    <ClInclude Include="LightClass.h">
      <Filter>Headerdateien</Filter>
    </ClInclude>
    <ClInclude Include="ModelClass.h">
      <Filter>Headerdateien</Filter>
    </ClInclude>
    <ClInclude Include="NetworkMessages.h">
      <Filter>Headerdateien</Filter>
    </ClInclude>
    <ClInclude Include="PositionClass.h">
      <Filter>Headerdateien</Filter>
    </ClInclude>
    <ClInclude Include="QuadTreeClass.h">
      <Filter>Headerdateien</Filter>
    </ClInclude>
    <ClInclude Include="SkydomeClass.h">
      <Filter>Headerdateien</Filter>
    </ClInclude>
    <ClInclude Include="SkydomeShaderClass.h">
      <Filter>Headerdateien</Filter>
    </ClInclude>
    <ClInclude Include="StateClass.h">
      <Filter>Headerdateien</Filter>
    </ClInclude>
    <ClInclude Include="SystemClass.h">
      <Filter>Headerdateien</Filter>
    </ClInclude>
    <ClInclude Include="TerrainClass.h">
      <Filter>Headerdateien</Filter>
    </ClInclude>
    <ClInclude Include="TerrainShaderClass.h">
      <Filter>Headerdateien</Filter>
    </ClInclude>
    <ClInclude Include="TextClass.h">
      <Filter>Headerdateien</Filter>
    </ClInclude>
    <ClInclude Include="TextureClass.h">
      <Filter>Headerdateien</Filter>
    </ClInclude>
    <ClInclude Include="TextureShaderClass.h">
      <Filter>Headerdateien</Filter>
    </ClInclude>
    <ClInclude Include="TimerClass.h">
      <Filter>Headerdateien</Filter>
    </ClInclude>
    <ClInclude Include="UserInterfaceClass.h">
      <Filter>Headerdateien</Filter>
    </ClInclude>
    <ClInclude Include="ApplicationClass.h">
      <Filter>Headerdateien</Filter>
    </ClInclude>
    <ClInclude Include="BlackForestClass.h">
      <Filter>Headerdateien</Filter>
    </ClInclude>
    <ClInclude Include="FrustumClass.h">
      <Filter>Headerdateien</Filter>
    </ClInclude>
    <ClInclude Include="NetworkClass.h">
      <Filter>Headerdateien</Filter>
    </ClInclude>
  </ItemGroup>
  <ItemGroup>
    <Text Include="ToDo.txt">
      <Filter>Ressourcendateien</Filter>
    </Text>
  </ItemGroup>
  <ItemGroup>
    <None Include="font.fx">
      <Filter>Ressourcendateien</Filter>
    </None>
    <None Include="skydome.fx">
      <Filter>Ressourcendateien</Filter>
    </None>
    <None Include="terrain.fx">
      <Filter>Ressourcendateien</Filter>
    </None>
    <None Include="texture.fx">
      <Filter>Ressourcendateien</Filter>
    </None>
    <None Include="data\shader\font.hlsl">
      <Filter>Ressourcendateien</Filter>
    </None>
  </ItemGroup>
  <ItemGroup>
    <FxCompile Include="data\shader\skydome.hlsl">
      <Filter>Ressourcendateien</Filter>
    </FxCompile>
    <FxCompile Include="data\shader\terrain.hlsl">
      <Filter>Ressourcendateien</Filter>
    </FxCompile>
    <FxCompile Include="data\shader\texture.hlsl">
      <Filter>Ressourcendateien</Filter>
    </FxCompile>
  </ItemGroup>
</Project>