<?xml version="1.0" encoding="utf-8"?>
<Project ToolsVersion="4.0" xmlns="http://schemas.microsoft.com/developer/msbuild/2003">
  <ItemGroup>
    <Filter Include="Quelldateien">
      <UniqueIdentifier>{4FC737F1-C7A5-4376-A066-2A32D752A2FF}</UniqueIdentifier>
      <Extensions>cpp;c;cc;cxx;c++;cppm;ixx;def;odl;idl;hpj;bat;asm;asmx</Extensions>
    </Filter>
    <Filter Include="Headerdateien">
      <UniqueIdentifier>{93995380-89BD-4b04-88EB-625FBE52EBFB}</UniqueIdentifier>
      <Extensions>h;hh;hpp;hxx;h++;hm;inl;inc;ipp;xsd</Extensions>
    </Filter>
    <Filter Include="Ressourcendateien">
      <UniqueIdentifier>{67DA6AB6-F800-4c08-8B7A-83BB121AAD01}</UniqueIdentifier>
      <Extensions>rc;ico;cur;bmp;dlg;rc2;rct;bin;rgs;gif;jpg;jpeg;jpe;resx;tiff;tif;png;wav;mfcribbon-ms</Extensions>
    </Filter>
  </ItemGroup>
  <ItemGroup>
    <Text Include="ToDo.txt">
      <Filter>Ressourcendateien</Filter>
    </Text>
  </ItemGroup>
  <ItemGroup>
    <None Include="data\shader\font.hlsl">
      <Filter>Ressourcendateien</Filter>
    </None>
  </ItemGroup>
  <ItemGroup>
    <FxCompile Include="data\shader\skydome.hlsl">
      <Filter>Ressourcendateien</Filter>
    </FxCompile>
    <FxCompile Include="data\shader\terrain.hlsl">
      <Filter>Ressourcendateien</Filter>
    </FxCompile>
    <FxCompile Include="data\shader\texture.hlsl">
      <Filter>Ressourcendateien</Filter>
    </FxCompile>
  </ItemGroup>
  <ItemGroup>
    <ClInclude Include="include\ApplicationClass.h">
      <Filter>Headerdateien</Filter>
    </ClInclude>
    <ClInclude Include="include\BitmapClass.h">
      <Filter>Headerdateien</Filter>
    </ClInclude>
    <ClInclude Include="include\BlackForestClass.h">
      <Filter>Headerdateien</Filter>
    </ClInclude>
    <ClInclude Include="include\CameraClass.h">
      <Filter>Headerdateien</Filter>
    </ClInclude>
    <ClInclude Include="include\CPUClass.h">
      <Filter>Headerdateien</Filter>
    </ClInclude>
    <ClInclude Include="include\D3DClass.h">
      <Filter>Headerdateien</Filter>
    </ClInclude>
    <ClInclude Include="include\EntityListClass.h">
      <Filter>Headerdateien</Filter>
    </ClInclude>
    <ClInclude Include="include\FontClass.h">
      <Filter>Headerdateien</Filter>
    </ClInclude>
    <ClInclude Include="include\FontShaderClass.h">
      <Filter>Headerdateien</Filter>
    </ClInclude>
    <ClInclude Include="include\FPSClass.h">
      <Filter>Headerdateien</Filter>
    </ClInclude>
    <ClInclude Include="include\FrustumClass.h">
      <Filter>Headerdateien</Filter>
    </ClInclude>
    <ClInclude Include="include\InputClass.h">
      <Filter>Headerdateien</Filter>
    </ClInclude>
    <ClInclude Include="include\LightClass.h">
      <Filter>Headerdateien</Filter>
    </ClInclude>
    <ClInclude Include="include\ModelClass.h">
      <Filter>Headerdateien</Filter>
    </ClInclude>
    <ClInclude Include="include\NetworkClass.h">
      <Filter>Headerdateien</Filter>
    </ClInclude>
    <ClInclude Include="include\NetworkMessages.h">
      <Filter>Headerdateien</Filter>
    </ClInclude>
    <ClInclude Include="include\PositionClass.h">
      <Filter>Headerdateien</Filter>
    </ClInclude>
    <ClInclude Include="include\QuadTreeClass.h">
      <Filter>Headerdateien</Filter>
    </ClInclude>
    <ClInclude Include="include\SkydomeClass.h">
      <Filter>Headerdateien</Filter>
    </ClInclude>
    <ClInclude Include="include\SkydomeShaderClass.h">
      <Filter>Headerdateien</Filter>
    </ClInclude>
    <ClInclude Include="include\StateClass.h">
      <Filter>Headerdateien</Filter>
    </ClInclude>
    <ClInclude Include="include\SystemClass.h">
      <Filter>Headerdateien</Filter>
    </ClInclude>
    <ClInclude Include="include\TerrainClass.h">
      <Filter>Headerdateien</Filter>
    </ClInclude>
    <ClInclude Include="include\TerrainShaderClass.h">
      <Filter>Headerdateien</Filter>
    </ClInclude>
    <ClInclude Include="include\TextClass.h">
      <Filter>Headerdateien</Filter>
    </ClInclude>
    <ClInclude Include="include\TextureClass.h">
      <Filter>Headerdateien</Filter>
    </ClInclude>
    <ClInclude Include="include\TextureShaderClass.h">
      <Filter>Headerdateien</Filter>
    </ClInclude>
    <ClInclude Include="include\TimerClass.h">
      <Filter>Headerdateien</Filter>
    </ClInclude>
    <ClInclude Include="include\UserInterfaceClass.h">
      <Filter>Headerdateien</Filter>
    </ClInclude>
  </ItemGroup>
  <ItemGroup>
    <ClCompile Include="src\ApplicationClass.cpp">
      <Filter>Quelldateien</Filter>
    </ClCompile>
    <ClCompile Include="src\BitmapClass.cpp">
      <Filter>Quelldateien</Filter>
    </ClCompile>
    <ClCompile Include="src\BlackForestClass.cpp">
      <Filter>Quelldateien</Filter>
    </ClCompile>
    <ClCompile Include="src\CameraClass.cpp">
      <Filter>Quelldateien</Filter>
    </ClCompile>
    <ClCompile Include="src\CPUClass.cpp">
      <Filter>Quelldateien</Filter>
    </ClCompile>
    <ClCompile Include="src\D3DClass.cpp">
      <Filter>Quelldateien</Filter>
    </ClCompile>
    <ClCompile Include="src\EntityListClass.cpp">
      <Filter>Quelldateien</Filter>
    </ClCompile>
    <ClCompile Include="src\FontClass.cpp">
      <Filter>Quelldateien</Filter>
    </ClCompile>
    <ClCompile Include="src\FontShaderClass.cpp">
      <Filter>Quelldateien</Filter>
    </ClCompile>
    <ClCompile Include="src\FPSClass.cpp">
      <Filter>Quelldateien</Filter>
    </ClCompile>
    <ClCompile Include="src\FrustumClass.cpp">
      <Filter>Quelldateien</Filter>
    </ClCompile>
    <ClCompile Include="src\InputClass.cpp">
      <Filter>Quelldateien</Filter>
    </ClCompile>
    <ClCompile Include="src\LightClass.cpp">
      <Filter>Quelldateien</Filter>
    </ClCompile>
    <ClCompile Include="src\main.cpp">
      <Filter>Quelldateien</Filter>
    </ClCompile>
    <ClCompile Include="src\ModelClass.cpp">
      <Filter>Quelldateien</Filter>
    </ClCompile>
    <ClCompile Include="src\NetworkClass.cpp">
      <Filter>Quelldateien</Filter>
    </ClCompile>
    <ClCompile Include="src\PositionClass.cpp">
      <Filter>Quelldateien</Filter>
    </ClCompile>
    <ClCompile Include="src\QuadTreeClass.cpp">
      <Filter>Quelldateien</Filter>
    </ClCompile>
    <ClCompile Include="src\SkydomeClass.cpp">
      <Filter>Quelldateien</Filter>
    </ClCompile>
    <ClCompile Include="src\SkydomeShaderClass.cpp">
      <Filter>Quelldateien</Filter>
    </ClCompile>
    <ClCompile Include="src\StateClass.cpp">
      <Filter>Quelldateien</Filter>
    </ClCompile>
    <ClCompile Include="src\SystemClass.cpp">
      <Filter>Quelldateien</Filter>
    </ClCompile>
    <ClCompile Include="src\TerrainClass.cpp">
      <Filter>Quelldateien</Filter>
    </ClCompile>
    <ClCompile Include="src\TerrainShaderClass.cpp">
      <Filter>Quelldateien</Filter>
    </ClCompile>
    <ClCompile Include="src\TextClass.cpp">
      <Filter>Quelldateien</Filter>
    </ClCompile>
    <ClCompile Include="src\TextureClass.cpp">
      <Filter>Quelldateien</Filter>
    </ClCompile>
    <ClCompile Include="src\TextureShaderClass.cpp">
      <Filter>Quelldateien</Filter>
    </ClCompile>
    <ClCompile Include="src\TimerClass.cpp">
      <Filter>Quelldateien</Filter>
    </ClCompile>
    <ClCompile Include="src\UserInterfaceClass.cpp">
      <Filter>Quelldateien</Filter>
    </ClCompile>
  </ItemGroup>
</Project>